// !$*UTF8*$!
{
	archiveVersion = 1;
	classes = {
	};
	objectVersion = 48;
	objects = {

/* Begin PBXBuildFile section */
		6E0E696A2075599700E300A2 /* AppDelegate.swift in Sources */ = {isa = PBXBuildFile; fileRef = 6E0E69692075599700E300A2 /* AppDelegate.swift */; };
		6E0E696C2075599700E300A2 /* ViewController.swift in Sources */ = {isa = PBXBuildFile; fileRef = 6E0E696B2075599700E300A2 /* ViewController.swift */; };
		6E0E696F2075599700E300A2 /* Main.storyboard in Resources */ = {isa = PBXBuildFile; fileRef = 6E0E696D2075599700E300A2 /* Main.storyboard */; };
		6E0E69712075599700E300A2 /* Assets.xcassets in Resources */ = {isa = PBXBuildFile; fileRef = 6E0E69702075599700E300A2 /* Assets.xcassets */; };
		6E0E69742075599700E300A2 /* LaunchScreen.storyboard in Resources */ = {isa = PBXBuildFile; fileRef = 6E0E69722075599700E300A2 /* LaunchScreen.storyboard */; };
		6E0E697F2075599700E300A2 /* NSUserDefaultSAITExerciseTests.swift in Sources */ = {isa = PBXBuildFile; fileRef = 6E0E697E2075599700E300A2 /* NSUserDefaultSAITExerciseTests.swift */; };
		6E0E698A2075808800E300A2 /* CheckValueViewController.swift in Sources */ = {isa = PBXBuildFile; fileRef = 6E0E69892075808800E300A2 /* CheckValueViewController.swift */; };
		6EE840882076C91F00487261 /* NSUserDefaultSAITExercise.xcdatamodeld in Sources */ = {isa = PBXBuildFile; fileRef = 6EE840862076C91F00487261 /* NSUserDefaultSAITExercise.xcdatamodeld */; };
		6EE8408A2076CD5D00487261 /* NameViewController.swift in Sources */ = {isa = PBXBuildFile; fileRef = 6EE840892076CD5D00487261 /* NameViewController.swift */; };
/* End PBXBuildFile section */

/* Begin PBXContainerItemProxy section */
		6E0E697B2075599700E300A2 /* PBXContainerItemProxy */ = {
			isa = PBXContainerItemProxy;
			containerPortal = 6E0E695E2075599700E300A2 /* Project object */;
			proxyType = 1;
			remoteGlobalIDString = 6E0E69652075599700E300A2;
			remoteInfo = NSUserDefaultSAITExercise;
		};
/* End PBXContainerItemProxy section */

/* Begin PBXFileReference section */
		6E0E69662075599700E300A2 /* NSUserDefaultSAITExercise.app */ = {isa = PBXFileReference; explicitFileType = wrapper.application; includeInIndex = 0; path = NSUserDefaultSAITExercise.app; sourceTree = BUILT_PRODUCTS_DIR; };
		6E0E69692075599700E300A2 /* AppDelegate.swift */ = {isa = PBXFileReference; lastKnownFileType = sourcecode.swift; path = AppDelegate.swift; sourceTree = "<group>"; };
		6E0E696B2075599700E300A2 /* ViewController.swift */ = {isa = PBXFileReference; lastKnownFileType = sourcecode.swift; path = ViewController.swift; sourceTree = "<group>"; };
		6E0E696E2075599700E300A2 /* Base */ = {isa = PBXFileReference; lastKnownFileType = file.storyboard; name = Base; path = Base.lproj/Main.storyboard; sourceTree = "<group>"; };
		6E0E69702075599700E300A2 /* Assets.xcassets */ = {isa = PBXFileReference; lastKnownFileType = folder.assetcatalog; path = Assets.xcassets; sourceTree = "<group>"; };
		6E0E69732075599700E300A2 /* Base */ = {isa = PBXFileReference; lastKnownFileType = file.storyboard; name = Base; path = Base.lproj/LaunchScreen.storyboard; sourceTree = "<group>"; };
		6E0E69752075599700E300A2 /* Info.plist */ = {isa = PBXFileReference; lastKnownFileType = text.plist.xml; path = Info.plist; sourceTree = "<group>"; };
		6E0E697A2075599700E300A2 /* NSUserDefaultSAITExerciseTests.xctest */ = {isa = PBXFileReference; explicitFileType = wrapper.cfbundle; includeInIndex = 0; path = NSUserDefaultSAITExerciseTests.xctest; sourceTree = BUILT_PRODUCTS_DIR; };
		6E0E697E2075599700E300A2 /* NSUserDefaultSAITExerciseTests.swift */ = {isa = PBXFileReference; lastKnownFileType = sourcecode.swift; path = NSUserDefaultSAITExerciseTests.swift; sourceTree = "<group>"; };
		6E0E69802075599700E300A2 /* Info.plist */ = {isa = PBXFileReference; lastKnownFileType = text.plist.xml; path = Info.plist; sourceTree = "<group>"; };
		6E0E69892075808800E300A2 /* CheckValueViewController.swift */ = {isa = PBXFileReference; lastKnownFileType = sourcecode.swift; path = CheckValueViewController.swift; sourceTree = "<group>"; };
		6EE840872076C91F00487261 /* NSUserDefaultSAITExercise.xcdatamodel */ = {isa = PBXFileReference; lastKnownFileType = wrapper.xcdatamodel; path = NSUserDefaultSAITExercise.xcdatamodel; sourceTree = "<group>"; };
		6EE840892076CD5D00487261 /* NameViewController.swift */ = {isa = PBXFileReference; lastKnownFileType = sourcecode.swift; path = NameViewController.swift; sourceTree = "<group>"; };
/* End PBXFileReference section */

/* Begin PBXFrameworksBuildPhase section */
		6E0E69632075599700E300A2 /* Frameworks */ = {
			isa = PBXFrameworksBuildPhase;
			buildActionMask = 2147483647;
			files = (
			);
			runOnlyForDeploymentPostprocessing = 0;
		};
		6E0E69772075599700E300A2 /* Frameworks */ = {
			isa = PBXFrameworksBuildPhase;
			buildActionMask = 2147483647;
			files = (
			);
			runOnlyForDeploymentPostprocessing = 0;
		};
/* End PBXFrameworksBuildPhase section */

/* Begin PBXGroup section */
		6E0E695D2075599700E300A2 = {
			isa = PBXGroup;
			children = (
				6E0E69682075599700E300A2 /* NSUserDefaultSAITExercise */,
				6E0E697D2075599700E300A2 /* NSUserDefaultSAITExerciseTests */,
				6E0E69672075599700E300A2 /* Products */,
			);
			sourceTree = "<group>";
		};
		6E0E69672075599700E300A2 /* Products */ = {
			isa = PBXGroup;
			children = (
				6E0E69662075599700E300A2 /* NSUserDefaultSAITExercise.app */,
				6E0E697A2075599700E300A2 /* NSUserDefaultSAITExerciseTests.xctest */,
			);
			name = Products;
			sourceTree = "<group>";
		};
		6E0E69682075599700E300A2 /* NSUserDefaultSAITExercise */ = {
			isa = PBXGroup;
			children = (
				6E0E69692075599700E300A2 /* AppDelegate.swift */,
				6E0E696B2075599700E300A2 /* ViewController.swift */,
				6E0E69892075808800E300A2 /* CheckValueViewController.swift */,
				6E0E696D2075599700E300A2 /* Main.storyboard */,
				6EE840892076CD5D00487261 /* NameViewController.swift */,
				6E0E69702075599700E300A2 /* Assets.xcassets */,
				6E0E69722075599700E300A2 /* LaunchScreen.storyboard */,
				6E0E69752075599700E300A2 /* Info.plist */,
				6EE840862076C91F00487261 /* NSUserDefaultSAITExercise.xcdatamodeld */,
			);
			path = NSUserDefaultSAITExercise;
			sourceTree = "<group>";
		};
		6E0E697D2075599700E300A2 /* NSUserDefaultSAITExerciseTests */ = {
			isa = PBXGroup;
			children = (
				6E0E697E2075599700E300A2 /* NSUserDefaultSAITExerciseTests.swift */,
				6E0E69802075599700E300A2 /* Info.plist */,
			);
			path = NSUserDefaultSAITExerciseTests;
			sourceTree = "<group>";
		};
/* End PBXGroup section */

/* Begin PBXNativeTarget section */
		6E0E69652075599700E300A2 /* NSUserDefaultSAITExercise */ = {
			isa = PBXNativeTarget;
			buildConfigurationList = 6E0E69832075599700E300A2 /* Build configuration list for PBXNativeTarget "NSUserDefaultSAITExercise" */;
			buildPhases = (
				6E0E69622075599700E300A2 /* Sources */,
				6E0E69632075599700E300A2 /* Frameworks */,
				6E0E69642075599700E300A2 /* Resources */,
			);
			buildRules = (
			);
			dependencies = (
			);
			name = NSUserDefaultSAITExercise;
			productName = NSUserDefaultSAITExercise;
			productReference = 6E0E69662075599700E300A2 /* NSUserDefaultSAITExercise.app */;
			productType = "com.apple.product-type.application";
		};
		6E0E69792075599700E300A2 /* NSUserDefaultSAITExerciseTests */ = {
			isa = PBXNativeTarget;
			buildConfigurationList = 6E0E69862075599700E300A2 /* Build configuration list for PBXNativeTarget "NSUserDefaultSAITExerciseTests" */;
			buildPhases = (
				6E0E69762075599700E300A2 /* Sources */,
				6E0E69772075599700E300A2 /* Frameworks */,
				6E0E69782075599700E300A2 /* Resources */,
			);
			buildRules = (
			);
			dependencies = (
				6E0E697C2075599700E300A2 /* PBXTargetDependency */,
			);
			name = NSUserDefaultSAITExerciseTests;
			productName = NSUserDefaultSAITExerciseTests;
			productReference = 6E0E697A2075599700E300A2 /* NSUserDefaultSAITExerciseTests.xctest */;
			productType = "com.apple.product-type.bundle.unit-test";
		};
/* End PBXNativeTarget section */

/* Begin PBXProject section */
		6E0E695E2075599700E300A2 /* Project object */ = {
			isa = PBXProject;
			attributes = {
				LastSwiftUpdateCheck = 0920;
				LastUpgradeCheck = 0920;
				ORGANIZATIONNAME = "Sophia Amin";
				TargetAttributes = {
					6E0E69652075599700E300A2 = {
						CreatedOnToolsVersion = 9.2;
						ProvisioningStyle = Automatic;
					};
					6E0E69792075599700E300A2 = {
						CreatedOnToolsVersion = 9.2;
						ProvisioningStyle = Automatic;
						TestTargetID = 6E0E69652075599700E300A2;
					};
				};
			};
			buildConfigurationList = 6E0E69612075599700E300A2 /* Build configuration list for PBXProject "NSUserDefaultSAITExercise" */;
			compatibilityVersion = "Xcode 8.0";
			developmentRegion = en;
			hasScannedForEncodings = 0;
			knownRegions = (
				en,
				Base,
			);
			mainGroup = 6E0E695D2075599700E300A2;
			productRefGroup = 6E0E69672075599700E300A2 /* Products */;
			projectDirPath = "";
			projectRoot = "";
			targets = (
				6E0E69652075599700E300A2 /* NSUserDefaultSAITExercise */,
				6E0E69792075599700E300A2 /* NSUserDefaultSAITExerciseTests */,
			);
		};
/* End PBXProject section */

/* Begin PBXResourcesBuildPhase section */
		6E0E69642075599700E300A2 /* Resources */ = {
			isa = PBXResourcesBuildPhase;
			buildActionMask = 2147483647;
			files = (
				6E0E69742075599700E300A2 /* LaunchScreen.storyboard in Resources */,
				6E0E69712075599700E300A2 /* Assets.xcassets in Resources */,
				6E0E696F2075599700E300A2 /* Main.storyboard in Resources */,
			);
			runOnlyForDeploymentPostprocessing = 0;
		};
		6E0E69782075599700E300A2 /* Resources */ = {
			isa = PBXResourcesBuildPhase;
			buildActionMask = 2147483647;
			files = (
			);
			runOnlyForDeploymentPostprocessing = 0;
		};
/* End PBXResourcesBuildPhase section */

/* Begin PBXSourcesBuildPhase section */
		6E0E69622075599700E300A2 /* Sources */ = {
			isa = PBXSourcesBuildPhase;
			buildActionMask = 2147483647;
			files = (
				6EE840882076C91F00487261 /* NSUserDefaultSAITExercise.xcdatamodeld in Sources */,
				6E0E698A2075808800E300A2 /* CheckValueViewController.swift in Sources */,
				6E0E696C2075599700E300A2 /* ViewController.swift in Sources */,
				6E0E696A2075599700E300A2 /* AppDelegate.swift in Sources */,
				6EE8408A2076CD5D00487261 /* NameViewController.swift in Sources */,
			);
			runOnlyForDeploymentPostprocessing = 0;
		};
		6E0E69762075599700E300A2 /* Sources */ = {
			isa = PBXSourcesBuildPhase;
			buildActionMask = 2147483647;
			files = (
				6E0E697F2075599700E300A2 /* NSUserDefaultSAITExerciseTests.swift in Sources */,
			);
			runOnlyForDeploymentPostprocessing = 0;
		};
/* End PBXSourcesBuildPhase section */

/* Begin PBXTargetDependency section */
		6E0E697C2075599700E300A2 /* PBXTargetDependency */ = {
			isa = PBXTargetDependency;
			target = 6E0E69652075599700E300A2 /* NSUserDefaultSAITExercise */;
			targetProxy = 6E0E697B2075599700E300A2 /* PBXContainerItemProxy */;
		};
/* End PBXTargetDependency section */

/* Begin PBXVariantGroup section */
		6E0E696D2075599700E300A2 /* Main.storyboard */ = {
			isa = PBXVariantGroup;
			children = (
				6E0E696E2075599700E300A2 /* Base */,
			);
			name = Main.storyboard;
			sourceTree = "<group>";
		};
		6E0E69722075599700E300A2 /* LaunchScreen.storyboard */ = {
			isa = PBXVariantGroup;
			children = (
				6E0E69732075599700E300A2 /* Base */,
			);
			name = LaunchScreen.storyboard;
			sourceTree = "<group>";
		};
/* End PBXVariantGroup section */

/* Begin XCBuildConfiguration section */
		6E0E69812075599700E300A2 /* Debug */ = {
			isa = XCBuildConfiguration;
			buildSettings = {
				ALWAYS_SEARCH_USER_PATHS = NO;
				CLANG_ANALYZER_NONNULL = YES;
				CLANG_ANALYZER_NUMBER_OBJECT_CONVERSION = YES_AGGRESSIVE;
				CLANG_CXX_LANGUAGE_STANDARD = "gnu++14";
				CLANG_CXX_LIBRARY = "libc++";
				CLANG_ENABLE_MODULES = YES;
				CLANG_ENABLE_OBJC_ARC = YES;
				CLANG_WARN_BLOCK_CAPTURE_AUTORELEASING = YES;
				CLANG_WARN_BOOL_CONVERSION = YES;
				CLANG_WARN_COMMA = YES;
				CLANG_WARN_CONSTANT_CONVERSION = YES;
				CLANG_WARN_DIRECT_OBJC_ISA_USAGE = YES_ERROR;
				CLANG_WARN_DOCUMENTATION_COMMENTS = YES;
				CLANG_WARN_EMPTY_BODY = YES;
				CLANG_WARN_ENUM_CONVERSION = YES;
				CLANG_WARN_INFINITE_RECURSION = YES;
				CLANG_WARN_INT_CONVERSION = YES;
				CLANG_WARN_NON_LITERAL_NULL_CONVERSION = YES;
				CLANG_WARN_OBJC_LITERAL_CONVERSION = YES;
				CLANG_WARN_OBJC_ROOT_CLASS = YES_ERROR;
				CLANG_WARN_RANGE_LOOP_ANALYSIS = YES;
				CLANG_WARN_STRICT_PROTOTYPES = YES;
				CLANG_WARN_SUSPICIOUS_MOVE = YES;
				CLANG_WARN_UNGUARDED_AVAILABILITY = YES_AGGRESSIVE;
				CLANG_WARN_UNREACHABLE_CODE = YES;
				CLANG_WARN__DUPLICATE_METHOD_MATCH = YES;
				CODE_SIGN_IDENTITY = "iPhone Developer";
				COPY_PHASE_STRIP = NO;
				DEBUG_INFORMATION_FORMAT = dwarf;
				ENABLE_STRICT_OBJC_MSGSEND = YES;
				ENABLE_TESTABILITY = YES;
				GCC_C_LANGUAGE_STANDARD = gnu11;
				GCC_DYNAMIC_NO_PIC = NO;
				GCC_NO_COMMON_BLOCKS = YES;
				GCC_OPTIMIZATION_LEVEL = 0;
				GCC_PREPROCESSOR_DEFINITIONS = (
					"DEBUG=1",
					"$(inherited)",
				);
				GCC_WARN_64_TO_32_BIT_CONVERSION = YES;
				GCC_WARN_ABOUT_RETURN_TYPE = YES_ERROR;
				GCC_WARN_UNDECLARED_SELECTOR = YES;
				GCC_WARN_UNINITIALIZED_AUTOS = YES_AGGRESSIVE;
				GCC_WARN_UNUSED_FUNCTION = YES;
				GCC_WARN_UNUSED_VARIABLE = YES;
				IPHONEOS_DEPLOYMENT_TARGET = 11.2;
				MTL_ENABLE_DEBUG_INFO = YES;
				ONLY_ACTIVE_ARCH = YES;
				SDKROOT = iphoneos;
				SWIFT_ACTIVE_COMPILATION_CONDITIONS = DEBUG;
				SWIFT_OPTIMIZATION_LEVEL = "-Onone";
			};
			name = Debug;
		};
		6E0E69822075599700E300A2 /* Release */ = {
			isa = XCBuildConfiguration;
			buildSettings = {
				ALWAYS_SEARCH_USER_PATHS = NO;
				CLANG_ANALYZER_NONNULL = YES;
				CLANG_ANALYZER_NUMBER_OBJECT_CONVERSION = YES_AGGRESSIVE;
				CLANG_CXX_LANGUAGE_STANDARD = "gnu++14";
				CLANG_CXX_LIBRARY = "libc++";
				CLANG_ENABLE_MODULES = YES;
				CLANG_ENABLE_OBJC_ARC = YES;
				CLANG_WARN_BLOCK_CAPTURE_AUTORELEASING = YES;
				CLANG_WARN_BOOL_CONVERSION = YES;
				CLANG_WARN_COMMA = YES;
				CLANG_WARN_CONSTANT_CONVERSION = YES;
				CLANG_WARN_DIRECT_OBJC_ISA_USAGE = YES_ERROR;
				CLANG_WARN_DOCUMENTATION_COMMENTS = YES;
				CLANG_WARN_EMPTY_BODY = YES;
				CLANG_WARN_ENUM_CONVERSION = YES;
				CLANG_WARN_INFINITE_RECURSION = YES;
				CLANG_WARN_INT_CONVERSION = YES;
				CLANG_WARN_NON_LITERAL_NULL_CONVERSION = YES;
				CLANG_WARN_OBJC_LITERAL_CONVERSION = YES;
				CLANG_WARN_OBJC_ROOT_CLASS = YES_ERROR;
				CLANG_WARN_RANGE_LOOP_ANALYSIS = YES;
				CLANG_WARN_STRICT_PROTOTYPES = YES;
				CLANG_WARN_SUSPICIOUS_MOVE = YES;
				CLANG_WARN_UNGUARDED_AVAILABILITY = YES_AGGRESSIVE;
				CLANG_WARN_UNREACHABLE_CODE = YES;
				CLANG_WARN__DUPLICATE_METHOD_MATCH = YES;
				CODE_SIGN_IDENTITY = "iPhone Developer";
				COPY_PHASE_STRIP = NO;
				DEBUG_INFORMATION_FORMAT = "dwarf-with-dsym";
				ENABLE_NS_ASSERTIONS = NO;
				ENABLE_STRICT_OBJC_MSGSEND = YES;
				GCC_C_LANGUAGE_STANDARD = gnu11;
				GCC_NO_COMMON_BLOCKS = YES;
				GCC_WARN_64_TO_32_BIT_CONVERSION = YES;
				GCC_WARN_ABOUT_RETURN_TYPE = YES_ERROR;
				GCC_WARN_UNDECLARED_SELECTOR = YES;
				GCC_WARN_UNINITIALIZED_AUTOS = YES_AGGRESSIVE;
				GCC_WARN_UNUSED_FUNCTION = YES;
				GCC_WARN_UNUSED_VARIABLE = YES;
				IPHONEOS_DEPLOYMENT_TARGET = 11.2;
				MTL_ENABLE_DEBUG_INFO = NO;
				SDKROOT = iphoneos;
				SWIFT_OPTIMIZATION_LEVEL = "-Owholemodule";
				VALIDATE_PRODUCT = YES;
			};
			name = Release;
		};
		6E0E69842075599700E300A2 /* Debug */ = {
			isa = XCBuildConfiguration;
			buildSettings = {
				ASSETCATALOG_COMPILER_APPICON_NAME = AppIcon;
				CODE_SIGN_STYLE = Automatic;
				INFOPLIST_FILE = NSUserDefaultSAITExercise/Info.plist;
				LD_RUNPATH_SEARCH_PATHS = "$(inherited) @executable_path/Frameworks";
				PRODUCT_BUNDLE_IDENTIFIER = sophie.amin.NSUserDefaultSAITExercise;
				PRODUCT_NAME = "$(TARGET_NAME)";
				SWIFT_VERSION = 4.0;
				TARGETED_DEVICE_FAMILY = "1,2";
			};
			name = Debug;
		};
		6E0E69852075599700E300A2 /* Release */ = {
			isa = XCBuildConfiguration;
			buildSettings = {
				ASSETCATALOG_COMPILER_APPICON_NAME = AppIcon;
				CODE_SIGN_STYLE = Automatic;
				INFOPLIST_FILE = NSUserDefaultSAITExercise/Info.plist;
				LD_RUNPATH_SEARCH_PATHS = "$(inherited) @executable_path/Frameworks";
				PRODUCT_BUNDLE_IDENTIFIER = sophie.amin.NSUserDefaultSAITExercise;
				PRODUCT_NAME = "$(TARGET_NAME)";
				SWIFT_VERSION = 4.0;
				TARGETED_DEVICE_FAMILY = "1,2";
			};
			name = Release;
		};
		6E0E69872075599700E300A2 /* Debug */ = {
			isa = XCBuildConfiguration;
			buildSettings = {
				ALWAYS_EMBED_SWIFT_STANDARD_LIBRARIES = YES;
				BUNDLE_LOADER = "$(TEST_HOST)";
				CODE_SIGN_STYLE = Automatic;
				INFOPLIST_FILE = NSUserDefaultSAITExerciseTests/Info.plist;
				LD_RUNPATH_SEARCH_PATHS = "$(inherited) @executable_path/Frameworks @loader_path/Frameworks";
				PRODUCT_BUNDLE_IDENTIFIER = sophie.amin.NSUserDefaultSAITExerciseTests;
				PRODUCT_NAME = "$(TARGET_NAME)";
				SWIFT_VERSION = 4.0;
				TARGETED_DEVICE_FAMILY = "1,2";
				TEST_HOST = "$(BUILT_PRODUCTS_DIR)/NSUserDefaultSAITExercise.app/NSUserDefaultSAITExercise";
			};
			name = Debug;
		};
		6E0E69882075599700E300A2 /* Release */ = {
			isa = XCBuildConfiguration;
			buildSettings = {
				ALWAYS_EMBED_SWIFT_STANDARD_LIBRARIES = YES;
				BUNDLE_LOADER = "$(TEST_HOST)";
				CODE_SIGN_STYLE = Automatic;
				INFOPLIST_FILE = NSUserDefaultSAITExerciseTests/Info.plist;
				LD_RUNPATH_SEARCH_PATHS = "$(inherited) @executable_path/Frameworks @loader_path/Frameworks";
				PRODUCT_BUNDLE_IDENTIFIER = sophie.amin.NSUserDefaultSAITExerciseTests;
				PRODUCT_NAME = "$(TARGET_NAME)";
				SWIFT_VERSION = 4.0;
				TARGETED_DEVICE_FAMILY = "1,2";
				TEST_HOST = "$(BUILT_PRODUCTS_DIR)/NSUserDefaultSAITExercise.app/NSUserDefaultSAITExercise";
			};
			name = Release;
		};
/* End XCBuildConfiguration section */

/* Begin XCConfigurationList section */
		6E0E69612075599700E300A2 /* Build configuration list for PBXProject "NSUserDefaultSAITExercise" */ = {
			isa = XCConfigurationList;
			buildConfigurations = (
				6E0E69812075599700E300A2 /* Debug */,
				6E0E69822075599700E300A2 /* Release */,
			);
			defaultConfigurationIsVisible = 0;
			defaultConfigurationName = Release;
		};
		6E0E69832075599700E300A2 /* Build configuration list for PBXNativeTarget "NSUserDefaultSAITExercise" */ = {
			isa = XCConfigurationList;
			buildConfigurations = (
				6E0E69842075599700E300A2 /* Debug */,
				6E0E69852075599700E300A2 /* Release */,
			);
			defaultConfigurationIsVisible = 0;
			defaultConfigurationName = Release;
		};
		6E0E69862075599700E300A2 /* Build configuration list for PBXNativeTarget "NSUserDefaultSAITExerciseTests" */ = {
			isa = XCConfigurationList;
			buildConfigurations = (
				6E0E69872075599700E300A2 /* Debug */,
				6E0E69882075599700E300A2 /* Release */,
			);
			defaultConfigurationIsVisible = 0;
			defaultConfigurationName = Release;
		};
/* End XCConfigurationList section */

/* Begin XCVersionGroup section */
		6EE840862076C91F00487261 /* NSUserDefaultSAITExercise.xcdatamodeld */ = {
			isa = XCVersionGroup;
			children = (
				6EE840872076C91F00487261 /* NSUserDefaultSAITExercise.xcdatamodel */,
			);
			currentVersion = 6EE840872076C91F00487261 /* NSUserDefaultSAITExercise.xcdatamodel */;
			path = NSUserDefaultSAITExercise.xcdatamodeld;
			sourceTree = "<group>";
			versionGroupType = wrapper.xcdatamodel;
		};
/* End XCVersionGroup section */
	};
	rootObject = 6E0E695E2075599700E300A2 /* Project object */;
}
